
Microsoft Visual Studio Solution File, Format Version 10.00
# Visual C++ Express 2008
Project("{8BC9CEB8-8B4A-11D0-8D11-00A0C91BC942}") = "fdatetime_test_fat_date_time_copy_from", "fdatetime_test_fat_date_time_copy_from\fdatetime_test_fat_date_time_copy_from.vcproj", "{D1D4638E-CA62-460A-A8DD-ED60DF9D669B}"
	ProjectSection(ProjectDependencies) = postProject
		{1B41CCDA-9549-4EC4-A213-CF03DBC2DD80} = {1B41CCDA-9549-4EC4-A213-CF03DBC2DD80}
		{BD3A95FA-A3DE-4B79-A889-A7E5ECA4B69C} = {BD3A95FA-A3DE-4B79-A889-A7E5ECA4B69C}
		{20FFC4C9-F44C-45F6-A827-4819B4DF3C9F} = {20FFC4C9-F44C-45F6-A827-4819B4DF3C9F}
	EndProjectSection
EndProject
Project("{8BC9CEB8-8B4A-11D0-8D11-00A0C91BC942}") = "fdatetime_test_fat_date_time_to_string", "fdatetime_test_fat_date_time_to_string\fdatetime_test_fat_date_time_to_string.vcproj", "{EECAAFCB-9C03-412D-9881-D1B7A593B557}"
	ProjectSection(ProjectDependencies) = postProject
		{1B41CCDA-9549-4EC4-A213-CF03DBC2DD80} = {1B41CCDA-9549-4EC4-A213-CF03DBC2DD80}
		{BD3A95FA-A3DE-4B79-A889-A7E5ECA4B69C} = {BD3A95FA-A3DE-4B79-A889-A7E5ECA4B69C}
		{20FFC4C9-F44C-45F6-A827-4819B4DF3C9F} = {20FFC4C9-F44C-45F6-A827-4819B4DF3C9F}
	EndProjectSection
EndProject
Project("{8BC9CEB8-8B4A-11D0-8D11-00A0C91BC942}") = "fdatetime_test_filetime_copy_from", "fdatetime_test_filetime_copy_from\fdatetime_test_filetime_copy_from.vcproj", "{D23C2F02-4A8A-4F87-8DA8-BAE314E1D7D7}"
	ProjectSection(ProjectDependencies) = postProject
		{1B41CCDA-9549-4EC4-A213-CF03DBC2DD80} = {1B41CCDA-9549-4EC4-A213-CF03DBC2DD80}
		{BD3A95FA-A3DE-4B79-A889-A7E5ECA4B69C} = {BD3A95FA-A3DE-4B79-A889-A7E5ECA4B69C}
		{20FFC4C9-F44C-45F6-A827-4819B4DF3C9F} = {20FFC4C9-F44C-45F6-A827-4819B4DF3C9F}
	EndProjectSection
EndProject
Project("{8BC9CEB8-8B4A-11D0-8D11-00A0C91BC942}") = "fdatetime_test_filetime_to_string", "fdatetime_test_filetime_to_string\fdatetime_test_filetime_to_string.vcproj", "{C6A97D6D-A805-427A-8493-3440B7449C9F}"
	ProjectSection(ProjectDependencies) = postProject
		{1B41CCDA-9549-4EC4-A213-CF03DBC2DD80} = {1B41CCDA-9549-4EC4-A213-CF03DBC2DD80}
		{BD3A95FA-A3DE-4B79-A889-A7E5ECA4B69C} = {BD3A95FA-A3DE-4B79-A889-A7E5ECA4B69C}
		{20FFC4C9-F44C-45F6-A827-4819B4DF3C9F} = {20FFC4C9-F44C-45F6-A827-4819B4DF3C9F}
	EndProjectSection
EndProject
Project("{8BC9CEB8-8B4A-11D0-8D11-00A0C91BC942}") = "fdatetime_test_floatingtime_copy_from", "fdatetime_test_floatingtime_copy_from\fdatetime_test_floatingtime_copy_from.vcproj", "{CA34926B-D866-41F3-9B76-D6F443388B30}"
	ProjectSection(ProjectDependencies) = postProject
		{1B41CCDA-9549-4EC4-A213-CF03DBC2DD80} = {1B41CCDA-9549-4EC4-A213-CF03DBC2DD80}
		{BD3A95FA-A3DE-4B79-A889-A7E5ECA4B69C} = {BD3A95FA-A3DE-4B79-A889-A7E5ECA4B69C}
		{20FFC4C9-F44C-45F6-A827-4819B4DF3C9F} = {20FFC4C9-F44C-45F6-A827-4819B4DF3C9F}
	EndProjectSection
EndProject
Project("{8BC9CEB8-8B4A-11D0-8D11-00A0C91BC942}") = "fdatetime_test_floatingtime_to_string", "fdatetime_test_floatingtime_to_string\fdatetime_test_floatingtime_to_string.vcproj", "{8FF642EB-B7F5-409E-A164-B7EA94A0799D}"
	ProjectSection(ProjectDependencies) = postProject
		{1B41CCDA-9549-4EC4-A213-CF03DBC2DD80} = {1B41CCDA-9549-4EC4-A213-CF03DBC2DD80}
		{BD3A95FA-A3DE-4B79-A889-A7E5ECA4B69C} = {BD3A95FA-A3DE-4B79-A889-A7E5ECA4B69C}
		{20FFC4C9-F44C-45F6-A827-4819B4DF3C9F} = {20FFC4C9-F44C-45F6-A827-4819B4DF3C9F}
	EndProjectSection
EndProject
Project("{8BC9CEB8-8B4A-11D0-8D11-00A0C91BC942}") = "fdatetime_test_nsf_timedate_copy_from", "fdatetime_test_nsf_timedate_copy_from\fdatetime_test_nsf_timedate_copy_from.vcproj", "{A40B1828-C913-4CCD-981F-6E1EB57CD335}"
	ProjectSection(ProjectDependencies) = postProject
		{1B41CCDA-9549-4EC4-A213-CF03DBC2DD80} = {1B41CCDA-9549-4EC4-A213-CF03DBC2DD80}
		{BD3A95FA-A3DE-4B79-A889-A7E5ECA4B69C} = {BD3A95FA-A3DE-4B79-A889-A7E5ECA4B69C}
		{20FFC4C9-F44C-45F6-A827-4819B4DF3C9F} = {20FFC4C9-F44C-45F6-A827-4819B4DF3C9F}
	EndProjectSection
EndProject
Project("{8BC9CEB8-8B4A-11D0-8D11-00A0C91BC942}") = "fdatetime_test_nsf_timedate_to_string", "fdatetime_test_nsf_timedate_to_string\fdatetime_test_nsf_timedate_to_string.vcproj", "{E5187D2B-69FC-4375-BC42-688739F49A9A}"
	ProjectSection(ProjectDependencies) = postProject
		{1B41CCDA-9549-4EC4-A213-CF03DBC2DD80} = {1B41CCDA-9549-4EC4-A213-CF03DBC2DD80}
		{BD3A95FA-A3DE-4B79-A889-A7E5ECA4B69C} = {BD3A95FA-A3DE-4B79-A889-A7E5ECA4B69C}
		{20FFC4C9-F44C-45F6-A827-4819B4DF3C9F} = {20FFC4C9-F44C-45F6-A827-4819B4DF3C9F}
	EndProjectSection
EndProject
Project("{8BC9CEB8-8B4A-11D0-8D11-00A0C91BC942}") = "fdatetime_test_posix_time_copy_from", "fdatetime_test_posix_time_copy_from\fdatetime_test_posix_time_copy_from.vcproj", "{0D5756A3-CF3C-44C0-9AC7-D8DD0BAB218F}"
	ProjectSection(ProjectDependencies) = postProject
		{1B41CCDA-9549-4EC4-A213-CF03DBC2DD80} = {1B41CCDA-9549-4EC4-A213-CF03DBC2DD80}
		{BD3A95FA-A3DE-4B79-A889-A7E5ECA4B69C} = {BD3A95FA-A3DE-4B79-A889-A7E5ECA4B69C}
		{20FFC4C9-F44C-45F6-A827-4819B4DF3C9F} = {20FFC4C9-F44C-45F6-A827-4819B4DF3C9F}
	EndProjectSection
EndProject
Project("{8BC9CEB8-8B4A-11D0-8D11-00A0C91BC942}") = "fdatetime_test_posix_time_to_string", "fdatetime_test_posix_time_to_string\fdatetime_test_posix_time_to_string.vcproj", "{AB786D57-0C69-4FCE-BFB1-28E50CED3A33}"
	ProjectSection(ProjectDependencies) = postProject
		{1B41CCDA-9549-4EC4-A213-CF03DBC2DD80} = {1B41CCDA-9549-4EC4-A213-CF03DBC2DD80}
		{BD3A95FA-A3DE-4B79-A889-A7E5ECA4B69C} = {BD3A95FA-A3DE-4B79-A889-A7E5ECA4B69C}
		{20FFC4C9-F44C-45F6-A827-4819B4DF3C9F} = {20FFC4C9-F44C-45F6-A827-4819B4DF3C9F}
	EndProjectSection
EndProject
Project("{8BC9CEB8-8B4A-11D0-8D11-00A0C91BC942}") = "fdatetime_test_systemtime_copy_from", "fdatetime_test_systemtime_copy_from\fdatetime_test_systemtime_copy_from.vcproj", "{03EE52B7-1517-4CB8-B210-0F02F55F286C}"
	ProjectSection(ProjectDependencies) = postProject
		{1B41CCDA-9549-4EC4-A213-CF03DBC2DD80} = {1B41CCDA-9549-4EC4-A213-CF03DBC2DD80}
		{BD3A95FA-A3DE-4B79-A889-A7E5ECA4B69C} = {BD3A95FA-A3DE-4B79-A889-A7E5ECA4B69C}
		{20FFC4C9-F44C-45F6-A827-4819B4DF3C9F} = {20FFC4C9-F44C-45F6-A827-4819B4DF3C9F}
	EndProjectSection
EndProject
Project("{8BC9CEB8-8B4A-11D0-8D11-00A0C91BC942}") = "fdatetime_test_systemtime_to_string", "fdatetime_test_systemtime_to_string\fdatetime_test_systemtime_to_string.vcproj", "{89DB85E9-EB29-4A0B-BF95-6B1976220AD3}"
	ProjectSection(ProjectDependencies) = postProject
		{1B41CCDA-9549-4EC4-A213-CF03DBC2DD80} = {1B41CCDA-9549-4EC4-A213-CF03DBC2DD80}
		{BD3A95FA-A3DE-4B79-A889-A7E5ECA4B69C} = {BD3A95FA-A3DE-4B79-A889-A7E5ECA4B69C}
		{20FFC4C9-F44C-45F6-A827-4819B4DF3C9F} = {20FFC4C9-F44C-45F6-A827-4819B4DF3C9F}
	EndProjectSection
EndProject
Project("{8BC9CEB8-8B4A-11D0-8D11-00A0C91BC942}") = "libfdatetime", "libfdatetime\libfdatetime.vcproj", "{1B41CCDA-9549-4EC4-A213-CF03DBC2DD80}"
	ProjectSection(ProjectDependencies) = postProject
		{20FFC4C9-F44C-45F6-A827-4819B4DF3C9F} = {20FFC4C9-F44C-45F6-A827-4819B4DF3C9F}
		{BD3A95FA-A3DE-4B79-A889-A7E5ECA4B69C} = {BD3A95FA-A3DE-4B79-A889-A7E5ECA4B69C}
	EndProjectSection
EndProject
Project("{8BC9CEB8-8B4A-11D0-8D11-00A0C91BC942}") = "libcstring", "libcstring\libcstring.vcproj", "{20FFC4C9-F44C-45F6-A827-4819B4DF3C9F}"
EndProject
Project("{8BC9CEB8-8B4A-11D0-8D11-00A0C91BC942}") = "libcerror", "libcerror\libcerror.vcproj", "{BD3A95FA-A3DE-4B79-A889-A7E5ECA4B69C}"
	ProjectSection(ProjectDependencies) = postProject
		{20FFC4C9-F44C-45F6-A827-4819B4DF3C9F} = {20FFC4C9-F44C-45F6-A827-4819B4DF3C9F}
	EndProjectSection
EndProject
Global
	GlobalSection(SolutionConfigurationPlatforms) = preSolution
		Release|Win32 = Release|Win32
		VSDebug|Win32 = VSDebug|Win32
	EndGlobalSection
	GlobalSection(ProjectConfigurationPlatforms) = postSolution
		{D1D4638E-CA62-460A-A8DD-ED60DF9D669B}.Release|Win32.ActiveCfg = Release|Win32
		{D1D4638E-CA62-460A-A8DD-ED60DF9D669B}.Release|Win32.Build.0 = Release|Win32
		{D1D4638E-CA62-460A-A8DD-ED60DF9D669B}.VSDebug|Win32.ActiveCfg = VSDebug|Win32
		{D1D4638E-CA62-460A-A8DD-ED60DF9D669B}.VSDebug|Win32.Build.0 = VSDebug|Win32
		{EECAAFCB-9C03-412D-9881-D1B7A593B557}.Release|Win32.ActiveCfg = Release|Win32
		{EECAAFCB-9C03-412D-9881-D1B7A593B557}.Release|Win32.Build.0 = Release|Win32
		{EECAAFCB-9C03-412D-9881-D1B7A593B557}.VSDebug|Win32.ActiveCfg = VSDebug|Win32
		{EECAAFCB-9C03-412D-9881-D1B7A593B557}.VSDebug|Win32.Build.0 = VSDebug|Win32
		{D23C2F02-4A8A-4F87-8DA8-BAE314E1D7D7}.Release|Win32.ActiveCfg = Release|Win32
		{D23C2F02-4A8A-4F87-8DA8-BAE314E1D7D7}.Release|Win32.Build.0 = Release|Win32
		{D23C2F02-4A8A-4F87-8DA8-BAE314E1D7D7}.VSDebug|Win32.ActiveCfg = VSDebug|Win32
		{D23C2F02-4A8A-4F87-8DA8-BAE314E1D7D7}.VSDebug|Win32.Build.0 = VSDebug|Win32
		{C6A97D6D-A805-427A-8493-3440B7449C9F}.Release|Win32.ActiveCfg = Release|Win32
		{C6A97D6D-A805-427A-8493-3440B7449C9F}.Release|Win32.Build.0 = Release|Win32
		{C6A97D6D-A805-427A-8493-3440B7449C9F}.VSDebug|Win32.ActiveCfg = VSDebug|Win32
		{C6A97D6D-A805-427A-8493-3440B7449C9F}.VSDebug|Win32.Build.0 = VSDebug|Win32
		{CA34926B-D866-41F3-9B76-D6F443388B30}.Release|Win32.ActiveCfg = Release|Win32
		{CA34926B-D866-41F3-9B76-D6F443388B30}.Release|Win32.Build.0 = Release|Win32
		{CA34926B-D866-41F3-9B76-D6F443388B30}.VSDebug|Win32.ActiveCfg = VSDebug|Win32
		{CA34926B-D866-41F3-9B76-D6F443388B30}.VSDebug|Win32.Build.0 = VSDebug|Win32
		{8FF642EB-B7F5-409E-A164-B7EA94A0799D}.Release|Win32.ActiveCfg = Release|Win32
		{8FF642EB-B7F5-409E-A164-B7EA94A0799D}.Release|Win32.Build.0 = Release|Win32
		{8FF642EB-B7F5-409E-A164-B7EA94A0799D}.VSDebug|Win32.ActiveCfg = VSDebug|Win32
		{8FF642EB-B7F5-409E-A164-B7EA94A0799D}.VSDebug|Win32.Build.0 = VSDebug|Win32
		{A40B1828-C913-4CCD-981F-6E1EB57CD335}.Release|Win32.ActiveCfg = Release|Win32
		{A40B1828-C913-4CCD-981F-6E1EB57CD335}.Release|Win32.Build.0 = Release|Win32
		{A40B1828-C913-4CCD-981F-6E1EB57CD335}.VSDebug|Win32.ActiveCfg = VSDebug|Win32
		{A40B1828-C913-4CCD-981F-6E1EB57CD335}.VSDebug|Win32.Build.0 = VSDebug|Win32
		{E5187D2B-69FC-4375-BC42-688739F49A9A}.Release|Win32.ActiveCfg = Release|Win32
		{E5187D2B-69FC-4375-BC42-688739F49A9A}.Release|Win32.Build.0 = Release|Win32
		{E5187D2B-69FC-4375-BC42-688739F49A9A}.VSDebug|Win32.ActiveCfg = VSDebug|Win32
		{E5187D2B-69FC-4375-BC42-688739F49A9A}.VSDebug|Win32.Build.0 = VSDebug|Win32
		{0D5756A3-CF3C-44C0-9AC7-D8DD0BAB218F}.Release|Win32.ActiveCfg = Release|Win32
		{0D5756A3-CF3C-44C0-9AC7-D8DD0BAB218F}.Release|Win32.Build.0 = Release|Win32
		{0D5756A3-CF3C-44C0-9AC7-D8DD0BAB218F}.VSDebug|Win32.ActiveCfg = VSDebug|Win32
		{0D5756A3-CF3C-44C0-9AC7-D8DD0BAB218F}.VSDebug|Win32.Build.0 = VSDebug|Win32
		{AB786D57-0C69-4FCE-BFB1-28E50CED3A33}.Release|Win32.ActiveCfg = Release|Win32
		{AB786D57-0C69-4FCE-BFB1-28E50CED3A33}.Release|Win32.Build.0 = Release|Win32
		{AB786D57-0C69-4FCE-BFB1-28E50CED3A33}.VSDebug|Win32.ActiveCfg = VSDebug|Win32
		{AB786D57-0C69-4FCE-BFB1-28E50CED3A33}.VSDebug|Win32.Build.0 = VSDebug|Win32
		{03EE52B7-1517-4CB8-B210-0F02F55F286C}.Release|Win32.ActiveCfg = Release|Win32
		{03EE52B7-1517-4CB8-B210-0F02F55F286C}.Release|Win32.Build.0 = Release|Win32
		{03EE52B7-1517-4CB8-B210-0F02F55F286C}.VSDebug|Win32.ActiveCfg = VSDebug|Win32
		{03EE52B7-1517-4CB8-B210-0F02F55F286C}.VSDebug|Win32.Build.0 = VSDebug|Win32
		{89DB85E9-EB29-4A0B-BF95-6B1976220AD3}.Release|Win32.ActiveCfg = Release|Win32
		{89DB85E9-EB29-4A0B-BF95-6B1976220AD3}.Release|Win32.Build.0 = Release|Win32
		{89DB85E9-EB29-4A0B-BF95-6B1976220AD3}.VSDebug|Win32.ActiveCfg = VSDebug|Win32
		{89DB85E9-EB29-4A0B-BF95-6B1976220AD3}.VSDebug|Win32.Build.0 = VSDebug|Win32
		{1B41CCDA-9549-4EC4-A213-CF03DBC2DD80}.Release|Win32.ActiveCfg = Release|Win32
		{1B41CCDA-9549-4EC4-A213-CF03DBC2DD80}.Release|Win32.Build.0 = Release|Win32
		{1B41CCDA-9549-4EC4-A213-CF03DBC2DD80}.VSDebug|Win32.ActiveCfg = VSDebug|Win32
		{1B41CCDA-9549-4EC4-A213-CF03DBC2DD80}.VSDebug|Win32.Build.0 = VSDebug|Win32
		{20FFC4C9-F44C-45F6-A827-4819B4DF3C9F}.Release|Win32.ActiveCfg = Release|Win32
		{20FFC4C9-F44C-45F6-A827-4819B4DF3C9F}.Release|Win32.Build.0 = Release|Win32
		{20FFC4C9-F44C-45F6-A827-4819B4DF3C9F}.VSDebug|Win32.ActiveCfg = VSDebug|Win32
		{20FFC4C9-F44C-45F6-A827-4819B4DF3C9F}.VSDebug|Win32.Build.0 = VSDebug|Win32
		{BD3A95FA-A3DE-4B79-A889-A7E5ECA4B69C}.Release|Win32.ActiveCfg = Release|Win32
		{BD3A95FA-A3DE-4B79-A889-A7E5ECA4B69C}.Release|Win32.Build.0 = Release|Win32
		{BD3A95FA-A3DE-4B79-A889-A7E5ECA4B69C}.VSDebug|Win32.ActiveCfg = VSDebug|Win32
		{BD3A95FA-A3DE-4B79-A889-A7E5ECA4B69C}.VSDebug|Win32.Build.0 = VSDebug|Win32
	EndGlobalSection
	GlobalSection(SolutionProperties) = preSolution
		HideSolutionNode = FALSE
	EndGlobalSection
EndGlobal
